// !$*UTF8*$!
{
	archiveVersion = 1;
	classes = {
	};
	objectVersion = 46;
	objects = {

/* Begin PBXBuildFile section */
		1B0FB8091D002463000F3DEF /* TextField.m in Sources */ = {isa = PBXBuildFile; fileRef = 1B0FB8081D002463000F3DEF /* TextField.m */; };
		1B0FB80C1D018D6F000F3DEF /* MTUniversitiesViewController.m in Sources */ = {isa = PBXBuildFile; fileRef = 1B0FB80B1D018D6F000F3DEF /* MTUniversitiesViewController.m */; };
		1B0FB80F1D018DD2000F3DEF /* MTStudentsViewController.m in Sources */ = {isa = PBXBuildFile; fileRef = 1B0FB80E1D018DD2000F3DEF /* MTStudentsViewController.m */; };
		1B0FB8121D018DF4000F3DEF /* MTCoursesViewController.m in Sources */ = {isa = PBXBuildFile; fileRef = 1B0FB8111D018DF4000F3DEF /* MTCoursesViewController.m */; };
		1B0FB8161D018E33000F3DEF /* MTTeachersViewController.m in Sources */ = {isa = PBXBuildFile; fileRef = 1B0FB8151D018E33000F3DEF /* MTTeachersViewController.m */; };
		1B0FB82B1D0190C1000F3DEF /* MTParentObject+CoreDataProperties.m in Sources */ = {isa = PBXBuildFile; fileRef = 1B0FB8181D0190C1000F3DEF /* MTParentObject+CoreDataProperties.m */; };
		1B0FB82C1D0190C1000F3DEF /* MTParentObject.m in Sources */ = {isa = PBXBuildFile; fileRef = 1B0FB81A1D0190C1000F3DEF /* MTParentObject.m */; };
		1B0FB82D1D0190C1000F3DEF /* MTCourse+CoreDataProperties.m in Sources */ = {isa = PBXBuildFile; fileRef = 1B0FB81C1D0190C1000F3DEF /* MTCourse+CoreDataProperties.m */; };
		1B0FB82E1D0190C1000F3DEF /* MTCourse.m in Sources */ = {isa = PBXBuildFile; fileRef = 1B0FB81E1D0190C1000F3DEF /* MTCourse.m */; };
		1B0FB82F1D0190C1000F3DEF /* MTTeacher+CoreDataProperties.m in Sources */ = {isa = PBXBuildFile; fileRef = 1B0FB8201D0190C1000F3DEF /* MTTeacher+CoreDataProperties.m */; };
		1B0FB8301D0190C1000F3DEF /* MTTeacher.m in Sources */ = {isa = PBXBuildFile; fileRef = 1B0FB8221D0190C1000F3DEF /* MTTeacher.m */; };
		1B0FB8321D0190C1000F3DEF /* MTUniversity.m in Sources */ = {isa = PBXBuildFile; fileRef = 1B0FB8261D0190C1000F3DEF /* MTUniversity.m */; };
		1B0FB8331D0190C1000F3DEF /* MTStudent+CoreDataProperties.m in Sources */ = {isa = PBXBuildFile; fileRef = 1B0FB8281D0190C1000F3DEF /* MTStudent+CoreDataProperties.m */; };
		1B0FB8341D0190C1000F3DEF /* MTStudent.m in Sources */ = {isa = PBXBuildFile; fileRef = 1B0FB82A1D0190C1000F3DEF /* MTStudent.m */; };
		1B0FB8371D019462000F3DEF /* MTUniversity+CoreDataProperties.m in Sources */ = {isa = PBXBuildFile; fileRef = 1B0FB8361D019462000F3DEF /* MTUniversity+CoreDataProperties.m */; };
		1B0FB83B1D0198FE000F3DEF /* MTManagerObjectsViewController.m in Sources */ = {isa = PBXBuildFile; fileRef = 1B0FB83A1D0198FE000F3DEF /* MTManagerObjectsViewController.m */; };
		1B0FB83E1D01ABF5000F3DEF /* MTAddUniversityViewController.m in Sources */ = {isa = PBXBuildFile; fileRef = 1B0FB83D1D01ABF5000F3DEF /* MTAddUniversityViewController.m */; };
		1B0FB8411D01D5FD000F3DEF /* MTAddStudentViewController.m in Sources */ = {isa = PBXBuildFile; fileRef = 1B0FB8401D01D5FD000F3DEF /* MTAddStudentViewController.m */; };
		1B0FB8441D01E3CA000F3DEF /* MTAddCourseViewController.m in Sources */ = {isa = PBXBuildFile; fileRef = 1B0FB8431D01E3CA000F3DEF /* MTAddCourseViewController.m */; };
		1B0FB8471D01E3D7000F3DEF /* MTAddTeacherViewController.m in Sources */ = {isa = PBXBuildFile; fileRef = 1B0FB8461D01E3D7000F3DEF /* MTAddTeacherViewController.m */; };
		1B1085101D04277200EC6E2A /* MTChoseCoursesViewController.m in Sources */ = {isa = PBXBuildFile; fileRef = 1B10850F1D04277200EC6E2A /* MTChoseCoursesViewController.m */; };
		1B10851D1D0454FD00EC6E2A /* MTUniversityInfoViewController.m in Sources */ = {isa = PBXBuildFile; fileRef = 1B10851C1D0454FD00EC6E2A /* MTUniversityInfoViewController.m */; };
		1B1085241D04553000EC6E2A /* MTCourseInfoViewController.m in Sources */ = {isa = PBXBuildFile; fileRef = 1B10851F1D04553000EC6E2A /* MTCourseInfoViewController.m */; };
		1B1085251D04553000EC6E2A /* MTStudentInfoViewController.m in Sources */ = {isa = PBXBuildFile; fileRef = 1B1085211D04553000EC6E2A /* MTStudentInfoViewController.m */; };
		1B1085261D04553000EC6E2A /* MTTeacherInfoViewController.m in Sources */ = {isa = PBXBuildFile; fileRef = 1B1085231D04553000EC6E2A /* MTTeacherInfoViewController.m */; };
		1B1085291D045E6A00EC6E2A /* MTChoseStudentViewController.m in Sources */ = {isa = PBXBuildFile; fileRef = 1B1085281D045E6A00EC6E2A /* MTChoseStudentViewController.m */; };
		1B10852C1D045E9A00EC6E2A /* MTChoseTeacherViewController.m in Sources */ = {isa = PBXBuildFile; fileRef = 1B10852B1D045E9A00EC6E2A /* MTChoseTeacherViewController.m */; };
		1BC59F601CFADFC300FC5D63 /* main.m in Sources */ = {isa = PBXBuildFile; fileRef = 1BC59F5F1CFADFC300FC5D63 /* main.m */; };
		1BC59F631CFADFC300FC5D63 /* AppDelegate.m in Sources */ = {isa = PBXBuildFile; fileRef = 1BC59F621CFADFC300FC5D63 /* AppDelegate.m */; };
		1BC59F6C1CFADFC300FC5D63 /* GuruCrafter.xcdatamodeld in Sources */ = {isa = PBXBuildFile; fileRef = 1BC59F6A1CFADFC300FC5D63 /* GuruCrafter.xcdatamodeld */; };
		1BC59F821CFAE04000FC5D63 /* Assets.xcassets in Resources */ = {isa = PBXBuildFile; fileRef = 1BC59F791CFAE04000FC5D63 /* Assets.xcassets */; };
		1BC59F831CFAE04000FC5D63 /* LaunchScreen.storyboard in Resources */ = {isa = PBXBuildFile; fileRef = 1BC59F7A1CFAE04000FC5D63 /* LaunchScreen.storyboard */; };
		1BC59F841CFAE04000FC5D63 /* Main.storyboard in Resources */ = {isa = PBXBuildFile; fileRef = 1BC59F7C1CFAE04000FC5D63 /* Main.storyboard */; };
		1BC59F871CFAE08800FC5D63 /* MTDataManager.m in Sources */ = {isa = PBXBuildFile; fileRef = 1BC59F861CFAE08800FC5D63 /* MTDataManager.m */; };
		1BC59FE11CFC6A8F00FC5D63 /* MTCoreDataViewController.m in Sources */ = {isa = PBXBuildFile; fileRef = 1BC59FD51CFC6A8F00FC5D63 /* MTCoreDataViewController.m */; };
/* End PBXBuildFile section */

/* Begin PBXFileReference section */
		1B0FB8071D002463000F3DEF /* TextField.h */ = {isa = PBXFileReference; fileEncoding = 4; lastKnownFileType = sourcecode.c.h; path = TextField.h; sourceTree = "<group>"; };
		1B0FB8081D002463000F3DEF /* TextField.m */ = {isa = PBXFileReference; fileEncoding = 4; lastKnownFileType = sourcecode.c.objc; path = TextField.m; sourceTree = "<group>"; };
		1B0FB80A1D018D6F000F3DEF /* MTUniversitiesViewController.h */ = {isa = PBXFileReference; fileEncoding = 4; lastKnownFileType = sourcecode.c.h; path = MTUniversitiesViewController.h; sourceTree = "<group>"; };
		1B0FB80B1D018D6F000F3DEF /* MTUniversitiesViewController.m */ = {isa = PBXFileReference; fileEncoding = 4; lastKnownFileType = sourcecode.c.objc; path = MTUniversitiesViewController.m; sourceTree = "<group>"; };
		1B0FB80D1D018DD2000F3DEF /* MTStudentsViewController.h */ = {isa = PBXFileReference; fileEncoding = 4; lastKnownFileType = sourcecode.c.h; path = MTStudentsViewController.h; sourceTree = "<group>"; };
		1B0FB80E1D018DD2000F3DEF /* MTStudentsViewController.m */ = {isa = PBXFileReference; fileEncoding = 4; lastKnownFileType = sourcecode.c.objc; path = MTStudentsViewController.m; sourceTree = "<group>"; };
		1B0FB8101D018DF4000F3DEF /* MTCoursesViewController.h */ = {isa = PBXFileReference; fileEncoding = 4; lastKnownFileType = sourcecode.c.h; path = MTCoursesViewController.h; sourceTree = "<group>"; };
		1B0FB8111D018DF4000F3DEF /* MTCoursesViewController.m */ = {isa = PBXFileReference; fileEncoding = 4; lastKnownFileType = sourcecode.c.objc; path = MTCoursesViewController.m; sourceTree = "<group>"; };
		1B0FB8141D018E33000F3DEF /* MTTeachersViewController.h */ = {isa = PBXFileReference; fileEncoding = 4; lastKnownFileType = sourcecode.c.h; path = MTTeachersViewController.h; sourceTree = "<group>"; };
		1B0FB8151D018E33000F3DEF /* MTTeachersViewController.m */ = {isa = PBXFileReference; fileEncoding = 4; lastKnownFileType = sourcecode.c.objc; path = MTTeachersViewController.m; sourceTree = "<group>"; };
		1B0FB8171D0190C1000F3DEF /* MTParentObject+CoreDataProperties.h */ = {isa = PBXFileReference; fileEncoding = 4; lastKnownFileType = sourcecode.c.h; path = "MTParentObject+CoreDataProperties.h"; sourceTree = "<group>"; };
		1B0FB8181D0190C1000F3DEF /* MTParentObject+CoreDataProperties.m */ = {isa = PBXFileReference; fileEncoding = 4; lastKnownFileType = sourcecode.c.objc; path = "MTParentObject+CoreDataProperties.m"; sourceTree = "<group>"; };
		1B0FB8191D0190C1000F3DEF /* MTParentObject.h */ = {isa = PBXFileReference; fileEncoding = 4; lastKnownFileType = sourcecode.c.h; path = MTParentObject.h; sourceTree = "<group>"; };
		1B0FB81A1D0190C1000F3DEF /* MTParentObject.m */ = {isa = PBXFileReference; fileEncoding = 4; lastKnownFileType = sourcecode.c.objc; path = MTParentObject.m; sourceTree = "<group>"; };
		1B0FB81B1D0190C1000F3DEF /* MTCourse+CoreDataProperties.h */ = {isa = PBXFileReference; fileEncoding = 4; lastKnownFileType = sourcecode.c.h; path = "MTCourse+CoreDataProperties.h"; sourceTree = "<group>"; };
		1B0FB81C1D0190C1000F3DEF /* MTCourse+CoreDataProperties.m */ = {isa = PBXFileReference; fileEncoding = 4; lastKnownFileType = sourcecode.c.objc; path = "MTCourse+CoreDataProperties.m"; sourceTree = "<group>"; };
		1B0FB81D1D0190C1000F3DEF /* MTCourse.h */ = {isa = PBXFileReference; fileEncoding = 4; lastKnownFileType = sourcecode.c.h; path = MTCourse.h; sourceTree = "<group>"; };
		1B0FB81E1D0190C1000F3DEF /* MTCourse.m */ = {isa = PBXFileReference; fileEncoding = 4; lastKnownFileType = sourcecode.c.objc; path = MTCourse.m; sourceTree = "<group>"; };
		1B0FB81F1D0190C1000F3DEF /* MTTeacher+CoreDataProperties.h */ = {isa = PBXFileReference; fileEncoding = 4; lastKnownFileType = sourcecode.c.h; path = "MTTeacher+CoreDataProperties.h"; sourceTree = "<group>"; };
		1B0FB8201D0190C1000F3DEF /* MTTeacher+CoreDataProperties.m */ = {isa = PBXFileReference; fileEncoding = 4; lastKnownFileType = sourcecode.c.objc; path = "MTTeacher+CoreDataProperties.m"; sourceTree = "<group>"; };
		1B0FB8211D0190C1000F3DEF /* MTTeacher.h */ = {isa = PBXFileReference; fileEncoding = 4; lastKnownFileType = sourcecode.c.h; path = MTTeacher.h; sourceTree = "<group>"; };
		1B0FB8221D0190C1000F3DEF /* MTTeacher.m */ = {isa = PBXFileReference; fileEncoding = 4; lastKnownFileType = sourcecode.c.objc; path = MTTeacher.m; sourceTree = "<group>"; };
		1B0FB8251D0190C1000F3DEF /* MTUniversity.h */ = {isa = PBXFileReference; fileEncoding = 4; lastKnownFileType = sourcecode.c.h; path = MTUniversity.h; sourceTree = "<group>"; };
		1B0FB8261D0190C1000F3DEF /* MTUniversity.m */ = {isa = PBXFileReference; fileEncoding = 4; lastKnownFileType = sourcecode.c.objc; path = MTUniversity.m; sourceTree = "<group>"; };
		1B0FB8271D0190C1000F3DEF /* MTStudent+CoreDataProperties.h */ = {isa = PBXFileReference; fileEncoding = 4; lastKnownFileType = sourcecode.c.h; path = "MTStudent+CoreDataProperties.h"; sourceTree = "<group>"; };
		1B0FB8281D0190C1000F3DEF /* MTStudent+CoreDataProperties.m */ = {isa = PBXFileReference; fileEncoding = 4; lastKnownFileType = sourcecode.c.objc; path = "MTStudent+CoreDataProperties.m"; sourceTree = "<group>"; };
		1B0FB8291D0190C1000F3DEF /* MTStudent.h */ = {isa = PBXFileReference; fileEncoding = 4; lastKnownFileType = sourcecode.c.h; path = MTStudent.h; sourceTree = "<group>"; };
		1B0FB82A1D0190C1000F3DEF /* MTStudent.m */ = {isa = PBXFileReference; fileEncoding = 4; lastKnownFileType = sourcecode.c.objc; path = MTStudent.m; sourceTree = "<group>"; };
		1B0FB8351D019462000F3DEF /* MTUniversity+CoreDataProperties.h */ = {isa = PBXFileReference; fileEncoding = 4; lastKnownFileType = sourcecode.c.h; path = "MTUniversity+CoreDataProperties.h"; sourceTree = "<group>"; };
		1B0FB8361D019462000F3DEF /* MTUniversity+CoreDataProperties.m */ = {isa = PBXFileReference; fileEncoding = 4; lastKnownFileType = sourcecode.c.objc; path = "MTUniversity+CoreDataProperties.m"; sourceTree = "<group>"; };
		1B0FB8391D0198FE000F3DEF /* MTManagerObjectsViewController.h */ = {isa = PBXFileReference; fileEncoding = 4; lastKnownFileType = sourcecode.c.h; path = MTManagerObjectsViewController.h; sourceTree = "<group>"; };
		1B0FB83A1D0198FE000F3DEF /* MTManagerObjectsViewController.m */ = {isa = PBXFileReference; fileEncoding = 4; lastKnownFileType = sourcecode.c.objc; path = MTManagerObjectsViewController.m; sourceTree = "<group>"; };
		1B0FB83C1D01ABF5000F3DEF /* MTAddUniversityViewController.h */ = {isa = PBXFileReference; fileEncoding = 4; lastKnownFileType = sourcecode.c.h; path = MTAddUniversityViewController.h; sourceTree = "<group>"; };
		1B0FB83D1D01ABF5000F3DEF /* MTAddUniversityViewController.m */ = {isa = PBXFileReference; fileEncoding = 4; lastKnownFileType = sourcecode.c.objc; path = MTAddUniversityViewController.m; sourceTree = "<group>"; };
		1B0FB83F1D01D5FD000F3DEF /* MTAddStudentViewController.h */ = {isa = PBXFileReference; fileEncoding = 4; lastKnownFileType = sourcecode.c.h; path = MTAddStudentViewController.h; sourceTree = "<group>"; };
		1B0FB8401D01D5FD000F3DEF /* MTAddStudentViewController.m */ = {isa = PBXFileReference; fileEncoding = 4; lastKnownFileType = sourcecode.c.objc; path = MTAddStudentViewController.m; sourceTree = "<group>"; };
		1B0FB8421D01E3CA000F3DEF /* MTAddCourseViewController.h */ = {isa = PBXFileReference; fileEncoding = 4; lastKnownFileType = sourcecode.c.h; path = MTAddCourseViewController.h; sourceTree = "<group>"; };
		1B0FB8431D01E3CA000F3DEF /* MTAddCourseViewController.m */ = {isa = PBXFileReference; fileEncoding = 4; lastKnownFileType = sourcecode.c.objc; path = MTAddCourseViewController.m; sourceTree = "<group>"; };
		1B0FB8451D01E3D7000F3DEF /* MTAddTeacherViewController.h */ = {isa = PBXFileReference; fileEncoding = 4; lastKnownFileType = sourcecode.c.h; path = MTAddTeacherViewController.h; sourceTree = "<group>"; };
		1B0FB8461D01E3D7000F3DEF /* MTAddTeacherViewController.m */ = {isa = PBXFileReference; fileEncoding = 4; lastKnownFileType = sourcecode.c.objc; path = MTAddTeacherViewController.m; sourceTree = "<group>"; };
		1B10850E1D04277200EC6E2A /* MTChoseCoursesViewController.h */ = {isa = PBXFileReference; fileEncoding = 4; lastKnownFileType = sourcecode.c.h; path = MTChoseCoursesViewController.h; sourceTree = "<group>"; };
		1B10850F1D04277200EC6E2A /* MTChoseCoursesViewController.m */ = {isa = PBXFileReference; fileEncoding = 4; lastKnownFileType = sourcecode.c.objc; path = MTChoseCoursesViewController.m; sourceTree = "<group>"; };
		1B10851B1D0454FD00EC6E2A /* MTUniversityInfoViewController.h */ = {isa = PBXFileReference; fileEncoding = 4; lastKnownFileType = sourcecode.c.h; path = MTUniversityInfoViewController.h; sourceTree = "<group>"; };
		1B10851C1D0454FD00EC6E2A /* MTUniversityInfoViewController.m */ = {isa = PBXFileReference; fileEncoding = 4; lastKnownFileType = sourcecode.c.objc; path = MTUniversityInfoViewController.m; sourceTree = "<group>"; };
		1B10851E1D04553000EC6E2A /* MTCourseInfoViewController.h */ = {isa = PBXFileReference; fileEncoding = 4; lastKnownFileType = sourcecode.c.h; path = MTCourseInfoViewController.h; sourceTree = "<group>"; };
		1B10851F1D04553000EC6E2A /* MTCourseInfoViewController.m */ = {isa = PBXFileReference; fileEncoding = 4; lastKnownFileType = sourcecode.c.objc; path = MTCourseInfoViewController.m; sourceTree = "<group>"; };
		1B1085201D04553000EC6E2A /* MTStudentInfoViewController.h */ = {isa = PBXFileReference; fileEncoding = 4; lastKnownFileType = sourcecode.c.h; path = MTStudentInfoViewController.h; sourceTree = "<group>"; };
		1B1085211D04553000EC6E2A /* MTStudentInfoViewController.m */ = {isa = PBXFileReference; fileEncoding = 4; lastKnownFileType = sourcecode.c.objc; path = MTStudentInfoViewController.m; sourceTree = "<group>"; };
		1B1085221D04553000EC6E2A /* MTTeacherInfoViewController.h */ = {isa = PBXFileReference; fileEncoding = 4; lastKnownFileType = sourcecode.c.h; path = MTTeacherInfoViewController.h; sourceTree = "<group>"; };
		1B1085231D04553000EC6E2A /* MTTeacherInfoViewController.m */ = {isa = PBXFileReference; fileEncoding = 4; lastKnownFileType = sourcecode.c.objc; path = MTTeacherInfoViewController.m; sourceTree = "<group>"; };
		1B1085271D045E6A00EC6E2A /* MTChoseStudentViewController.h */ = {isa = PBXFileReference; fileEncoding = 4; lastKnownFileType = sourcecode.c.h; path = MTChoseStudentViewController.h; sourceTree = "<group>"; };
		1B1085281D045E6A00EC6E2A /* MTChoseStudentViewController.m */ = {isa = PBXFileReference; fileEncoding = 4; lastKnownFileType = sourcecode.c.objc; path = MTChoseStudentViewController.m; sourceTree = "<group>"; };
		1B10852A1D045E9A00EC6E2A /* MTChoseTeacherViewController.h */ = {isa = PBXFileReference; fileEncoding = 4; lastKnownFileType = sourcecode.c.h; path = MTChoseTeacherViewController.h; sourceTree = "<group>"; };
		1B10852B1D045E9A00EC6E2A /* MTChoseTeacherViewController.m */ = {isa = PBXFileReference; fileEncoding = 4; lastKnownFileType = sourcecode.c.objc; path = MTChoseTeacherViewController.m; sourceTree = "<group>"; };
		1BC59F5B1CFADFC300FC5D63 /* GuruCrafter.app */ = {isa = PBXFileReference; explicitFileType = wrapper.application; includeInIndex = 0; path = GuruCrafter.app; sourceTree = BUILT_PRODUCTS_DIR; };
		1BC59F5F1CFADFC300FC5D63 /* main.m */ = {isa = PBXFileReference; lastKnownFileType = sourcecode.c.objc; path = main.m; sourceTree = "<group>"; };
		1BC59F611CFADFC300FC5D63 /* AppDelegate.h */ = {isa = PBXFileReference; lastKnownFileType = sourcecode.c.h; path = AppDelegate.h; sourceTree = "<group>"; };
		1BC59F621CFADFC300FC5D63 /* AppDelegate.m */ = {isa = PBXFileReference; lastKnownFileType = sourcecode.c.objc; path = AppDelegate.m; sourceTree = "<group>"; };
		1BC59F6B1CFADFC300FC5D63 /* GuruCrafter.xcdatamodel */ = {isa = PBXFileReference; lastKnownFileType = wrapper.xcdatamodel; path = GuruCrafter.xcdatamodel; sourceTree = "<group>"; };
		1BC59F721CFADFC300FC5D63 /* Info.plist */ = {isa = PBXFileReference; lastKnownFileType = text.plist.xml; path = Info.plist; sourceTree = "<group>"; };
		1BC59F791CFAE04000FC5D63 /* Assets.xcassets */ = {isa = PBXFileReference; lastKnownFileType = folder.assetcatalog; path = Assets.xcassets; sourceTree = "<group>"; };
		1BC59F7B1CFAE04000FC5D63 /* Base */ = {isa = PBXFileReference; lastKnownFileType = file.storyboard; name = Base; path = Base.lproj/LaunchScreen.storyboard; sourceTree = "<group>"; };
		1BC59F7D1CFAE04000FC5D63 /* Base */ = {isa = PBXFileReference; lastKnownFileType = file.storyboard; name = Base; path = Base.lproj/Main.storyboard; sourceTree = "<group>"; };
		1BC59F851CFAE08800FC5D63 /* MTDataManager.h */ = {isa = PBXFileReference; fileEncoding = 4; lastKnownFileType = sourcecode.c.h; path = MTDataManager.h; sourceTree = "<group>"; };
		1BC59F861CFAE08800FC5D63 /* MTDataManager.m */ = {isa = PBXFileReference; fileEncoding = 4; lastKnownFileType = sourcecode.c.objc; path = MTDataManager.m; sourceTree = "<group>"; };
		1BC59FD41CFC6A8F00FC5D63 /* MTCoreDataViewController.h */ = {isa = PBXFileReference; fileEncoding = 4; lastKnownFileType = sourcecode.c.h; path = MTCoreDataViewController.h; sourceTree = "<group>"; };
		1BC59FD51CFC6A8F00FC5D63 /* MTCoreDataViewController.m */ = {isa = PBXFileReference; fileEncoding = 4; lastKnownFileType = sourcecode.c.objc; path = MTCoreDataViewController.m; sourceTree = "<group>"; };
/* End PBXFileReference section */

/* Begin PBXFrameworksBuildPhase section */
		1BC59F581CFADFC300FC5D63 /* Frameworks */ = {
			isa = PBXFrameworksBuildPhase;
			buildActionMask = 2147483647;
			files = (
			);
			runOnlyForDeploymentPostprocessing = 0;
		};
/* End PBXFrameworksBuildPhase section */

/* Begin PBXGroup section */
		1B0FB8061D002458000F3DEF /* UIElements */ = {
			isa = PBXGroup;
			children = (
				1B0FB8071D002463000F3DEF /* TextField.h */,
				1B0FB8081D002463000F3DEF /* TextField.m */,
			);
			path = UIElements;
			sourceTree = "<group>";
		};
		1B0FB8131D018E00000F3DEF /* Teachers */ = {
			isa = PBXGroup;
			children = (
				1B0FB8141D018E33000F3DEF /* MTTeachersViewController.h */,
				1B0FB8151D018E33000F3DEF /* MTTeachersViewController.m */,
			);
			path = Teachers;
			sourceTree = "<group>";
		};
		1B0FB8381D0198BE000F3DEF /* ManagerObjects */ = {
			isa = PBXGroup;
			children = (
				1B0FB8391D0198FE000F3DEF /* MTManagerObjectsViewController.h */,
				1B0FB83A1D0198FE000F3DEF /* MTManagerObjectsViewController.m */,
				1B0FB83C1D01ABF5000F3DEF /* MTAddUniversityViewController.h */,
				1B0FB83D1D01ABF5000F3DEF /* MTAddUniversityViewController.m */,
				1B0FB83F1D01D5FD000F3DEF /* MTAddStudentViewController.h */,
				1B0FB8401D01D5FD000F3DEF /* MTAddStudentViewController.m */,
				1B0FB8421D01E3CA000F3DEF /* MTAddCourseViewController.h */,
				1B0FB8431D01E3CA000F3DEF /* MTAddCourseViewController.m */,
				1B0FB8451D01E3D7000F3DEF /* MTAddTeacherViewController.h */,
				1B0FB8461D01E3D7000F3DEF /* MTAddTeacherViewController.m */,
				1B10851A1D0454FD00EC6E2A /* InfoObjects */,
				1B10850D1D04274000EC6E2A /* ChoseObjects */,
			);
			path = ManagerObjects;
			sourceTree = "<group>";
		};
		1B10850D1D04274000EC6E2A /* ChoseObjects */ = {
			isa = PBXGroup;
			children = (
				1B10850E1D04277200EC6E2A /* MTChoseCoursesViewController.h */,
				1B10850F1D04277200EC6E2A /* MTChoseCoursesViewController.m */,
				1B1085271D045E6A00EC6E2A /* MTChoseStudentViewController.h */,
				1B1085281D045E6A00EC6E2A /* MTChoseStudentViewController.m */,
				1B10852A1D045E9A00EC6E2A /* MTChoseTeacherViewController.h */,
				1B10852B1D045E9A00EC6E2A /* MTChoseTeacherViewController.m */,
			);
			path = ChoseObjects;
			sourceTree = "<group>";
		};
		1B10851A1D0454FD00EC6E2A /* InfoObjects */ = {
			isa = PBXGroup;
			children = (
				1B10851B1D0454FD00EC6E2A /* MTUniversityInfoViewController.h */,
				1B10851C1D0454FD00EC6E2A /* MTUniversityInfoViewController.m */,
				1B10851E1D04553000EC6E2A /* MTCourseInfoViewController.h */,
				1B10851F1D04553000EC6E2A /* MTCourseInfoViewController.m */,
				1B1085221D04553000EC6E2A /* MTTeacherInfoViewController.h */,
				1B1085231D04553000EC6E2A /* MTTeacherInfoViewController.m */,
				1B1085201D04553000EC6E2A /* MTStudentInfoViewController.h */,
				1B1085211D04553000EC6E2A /* MTStudentInfoViewController.m */,
			);
			path = InfoObjects;
			sourceTree = "<group>";
		};
		1BC59F521CFADFC300FC5D63 = {
			isa = PBXGroup;
			children = (
				1BC59F781CFAE04000FC5D63 /* Resource */,
				1BC59F7E1CFAE04000FC5D63 /* Source */,
				1BC59F5D1CFADFC300FC5D63 /* GuruCrafter */,
				1BC59F5C1CFADFC300FC5D63 /* Products */,
			);
			sourceTree = "<group>";
		};
		1BC59F5C1CFADFC300FC5D63 /* Products */ = {
			isa = PBXGroup;
			children = (
				1BC59F5B1CFADFC300FC5D63 /* GuruCrafter.app */,
			);
			name = Products;
			sourceTree = "<group>";
		};
		1BC59F5D1CFADFC300FC5D63 /* GuruCrafter */ = {
			isa = PBXGroup;
			children = (
				1BC59F611CFADFC300FC5D63 /* AppDelegate.h */,
				1BC59F621CFADFC300FC5D63 /* AppDelegate.m */,
				1BC59F721CFADFC300FC5D63 /* Info.plist */,
				1BC59F6A1CFADFC300FC5D63 /* GuruCrafter.xcdatamodeld */,
				1BC59F5E1CFADFC300FC5D63 /* Supporting Files */,
			);
			path = GuruCrafter;
			sourceTree = "<group>";
		};
		1BC59F5E1CFADFC300FC5D63 /* Supporting Files */ = {
			isa = PBXGroup;
			children = (
				1BC59F5F1CFADFC300FC5D63 /* main.m */,
			);
			name = "Supporting Files";
			sourceTree = "<group>";
		};
		1BC59F781CFAE04000FC5D63 /* Resource */ = {
			isa = PBXGroup;
			children = (
				1BC59F791CFAE04000FC5D63 /* Assets.xcassets */,
				1BC59F7A1CFAE04000FC5D63 /* LaunchScreen.storyboard */,
				1BC59F7C1CFAE04000FC5D63 /* Main.storyboard */,
			);
			path = Resource;
			sourceTree = "<group>";
		};
		1BC59F7E1CFAE04000FC5D63 /* Source */ = {
			isa = PBXGroup;
			children = (
				1BC59F7F1CFAE04000FC5D63 /* Data */,
				1BC59F801CFAE04000FC5D63 /* Models */,
				1BC59F811CFAE04000FC5D63 /* UI */,
			);
			path = Source;
			sourceTree = "<group>";
		};
		1BC59F7F1CFAE04000FC5D63 /* Data */ = {
			isa = PBXGroup;
			children = (
				1BC59F851CFAE08800FC5D63 /* MTDataManager.h */,
				1BC59F861CFAE08800FC5D63 /* MTDataManager.m */,
			);
			path = Data;
			sourceTree = "<group>";
		};
		1BC59F801CFAE04000FC5D63 /* Models */ = {
			isa = PBXGroup;
			children = (
				1B0FB8171D0190C1000F3DEF /* MTParentObject+CoreDataProperties.h */,
				1B0FB8181D0190C1000F3DEF /* MTParentObject+CoreDataProperties.m */,
				1B0FB8191D0190C1000F3DEF /* MTParentObject.h */,
				1B0FB81A1D0190C1000F3DEF /* MTParentObject.m */,
				1B0FB81B1D0190C1000F3DEF /* MTCourse+CoreDataProperties.h */,
				1B0FB81C1D0190C1000F3DEF /* MTCourse+CoreDataProperties.m */,
				1B0FB81D1D0190C1000F3DEF /* MTCourse.h */,
				1B0FB81E1D0190C1000F3DEF /* MTCourse.m */,
				1B0FB81F1D0190C1000F3DEF /* MTTeacher+CoreDataProperties.h */,
				1B0FB8201D0190C1000F3DEF /* MTTeacher+CoreDataProperties.m */,
				1B0FB8211D0190C1000F3DEF /* MTTeacher.h */,
				1B0FB8221D0190C1000F3DEF /* MTTeacher.m */,
				1B0FB8351D019462000F3DEF /* MTUniversity+CoreDataProperties.h */,
				1B0FB8361D019462000F3DEF /* MTUniversity+CoreDataProperties.m */,
				1B0FB8251D0190C1000F3DEF /* MTUniversity.h */,
				1B0FB8261D0190C1000F3DEF /* MTUniversity.m */,
				1B0FB8271D0190C1000F3DEF /* MTStudent+CoreDataProperties.h */,
				1B0FB8281D0190C1000F3DEF /* MTStudent+CoreDataProperties.m */,
				1B0FB8291D0190C1000F3DEF /* MTStudent.h */,
				1B0FB82A1D0190C1000F3DEF /* MTStudent.m */,
			);
			path = Models;
			sourceTree = "<group>";
		};
		1BC59F811CFAE04000FC5D63 /* UI */ = {
			isa = PBXGroup;
			children = (
				1B0FB8381D0198BE000F3DEF /* ManagerObjects */,
				1BC59FD31CFC6A8F00FC5D63 /* CoreData */,
				1BC59FD91CFC6A8F00FC5D63 /* Universities */,
				1BC59FD61CFC6A8F00FC5D63 /* Courses */,
				1B0FB8131D018E00000F3DEF /* Teachers */,
				1BC59FDA1CFC6A8F00FC5D63 /* Students */,
				1B0FB8061D002458000F3DEF /* UIElements */,
			);
			path = UI;
			sourceTree = "<group>";
		};
		1BC59FD31CFC6A8F00FC5D63 /* CoreData */ = {
			isa = PBXGroup;
			children = (
				1BC59FD41CFC6A8F00FC5D63 /* MTCoreDataViewController.h */,
				1BC59FD51CFC6A8F00FC5D63 /* MTCoreDataViewController.m */,
			);
			path = CoreData;
			sourceTree = "<group>";
		};
		1BC59FD61CFC6A8F00FC5D63 /* Courses */ = {
			isa = PBXGroup;
			children = (
				1B0FB8101D018DF4000F3DEF /* MTCoursesViewController.h */,
				1B0FB8111D018DF4000F3DEF /* MTCoursesViewController.m */,
			);
			path = Courses;
			sourceTree = "<group>";
		};
		1BC59FD91CFC6A8F00FC5D63 /* Universities */ = {
			isa = PBXGroup;
			children = (
				1B0FB80A1D018D6F000F3DEF /* MTUniversitiesViewController.h */,
				1B0FB80B1D018D6F000F3DEF /* MTUniversitiesViewController.m */,
			);
			path = Universities;
			sourceTree = "<group>";
		};
		1BC59FDA1CFC6A8F00FC5D63 /* Students */ = {
			isa = PBXGroup;
			children = (
				1B0FB80D1D018DD2000F3DEF /* MTStudentsViewController.h */,
				1B0FB80E1D018DD2000F3DEF /* MTStudentsViewController.m */,
			);
			path = Students;
			sourceTree = "<group>";
		};
/* End PBXGroup section */

/* Begin PBXNativeTarget section */
		1BC59F5A1CFADFC300FC5D63 /* GuruCrafter */ = {
			isa = PBXNativeTarget;
			buildConfigurationList = 1BC59F751CFADFC300FC5D63 /* Build configuration list for PBXNativeTarget "GuruCrafter" */;
			buildPhases = (
				1BC59F571CFADFC300FC5D63 /* Sources */,
				1BC59F581CFADFC300FC5D63 /* Frameworks */,
				1BC59F591CFADFC300FC5D63 /* Resources */,
			);
			buildRules = (
			);
			dependencies = (
			);
			name = GuruCrafter;
			productName = GuruCrafter;
			productReference = 1BC59F5B1CFADFC300FC5D63 /* GuruCrafter.app */;
			productType = "com.apple.product-type.application";
		};
/* End PBXNativeTarget section */

/* Begin PBXProject section */
		1BC59F531CFADFC300FC5D63 /* Project object */ = {
			isa = PBXProject;
			attributes = {
				LastUpgradeCheck = 0730;
				ORGANIZATIONNAME = MTDev;
				TargetAttributes = {
					1BC59F5A1CFADFC300FC5D63 = {
						CreatedOnToolsVersion = 7.3;
						DevelopmentTeam = Z662YN573K;
					};
				};
			};
			buildConfigurationList = 1BC59F561CFADFC300FC5D63 /* Build configuration list for PBXProject "GuruCrafter" */;
			compatibilityVersion = "Xcode 3.2";
			developmentRegion = English;
			hasScannedForEncodings = 0;
			knownRegions = (
				en,
				Base,
			);
			mainGroup = 1BC59F521CFADFC300FC5D63;
			productRefGroup = 1BC59F5C1CFADFC300FC5D63 /* Products */;
			projectDirPath = "";
			projectRoot = "";
			targets = (
				1BC59F5A1CFADFC300FC5D63 /* GuruCrafter */,
			);
		};
/* End PBXProject section */

/* Begin PBXResourcesBuildPhase section */
		1BC59F591CFADFC300FC5D63 /* Resources */ = {
			isa = PBXResourcesBuildPhase;
			buildActionMask = 2147483647;
			files = (
				1BC59F821CFAE04000FC5D63 /* Assets.xcassets in Resources */,
				1BC59F841CFAE04000FC5D63 /* Main.storyboard in Resources */,
				1BC59F831CFAE04000FC5D63 /* LaunchScreen.storyboard in Resources */,
			);
			runOnlyForDeploymentPostprocessing = 0;
		};
/* End PBXResourcesBuildPhase section */

/* Begin PBXSourcesBuildPhase section */
		1BC59F571CFADFC300FC5D63 /* Sources */ = {
			isa = PBXSourcesBuildPhase;
			buildActionMask = 2147483647;
			files = (
				1B0FB8471D01E3D7000F3DEF /* MTAddTeacherViewController.m in Sources */,
				1B0FB8441D01E3CA000F3DEF /* MTAddCourseViewController.m in Sources */,
				1B0FB8321D0190C1000F3DEF /* MTUniversity.m in Sources */,
				1BC59F871CFAE08800FC5D63 /* MTDataManager.m in Sources */,
				1B1085261D04553000EC6E2A /* MTTeacherInfoViewController.m in Sources */,
				1B10851D1D0454FD00EC6E2A /* MTUniversityInfoViewController.m in Sources */,
				1B0FB8091D002463000F3DEF /* TextField.m in Sources */,
				1B10852C1D045E9A00EC6E2A /* MTChoseTeacherViewController.m in Sources */,
				1B0FB82F1D0190C1000F3DEF /* MTTeacher+CoreDataProperties.m in Sources */,
				1B0FB8301D0190C1000F3DEF /* MTTeacher.m in Sources */,
				1BC59F631CFADFC300FC5D63 /* AppDelegate.m in Sources */,
				1B0FB8331D0190C1000F3DEF /* MTStudent+CoreDataProperties.m in Sources */,
				1BC59F6C1CFADFC300FC5D63 /* GuruCrafter.xcdatamodeld in Sources */,
				1B1085291D045E6A00EC6E2A /* MTChoseStudentViewController.m in Sources */,
				1B0FB8161D018E33000F3DEF /* MTTeachersViewController.m in Sources */,
				1B1085251D04553000EC6E2A /* MTStudentInfoViewController.m in Sources */,
				1B0FB83E1D01ABF5000F3DEF /* MTAddUniversityViewController.m in Sources */,
				1B0FB82E1D0190C1000F3DEF /* MTCourse.m in Sources */,
				1B0FB83B1D0198FE000F3DEF /* MTManagerObjectsViewController.m in Sources */,
				1BC59F601CFADFC300FC5D63 /* main.m in Sources */,
				1B0FB82D1D0190C1000F3DEF /* MTCourse+CoreDataProperties.m in Sources */,
				1B0FB80C1D018D6F000F3DEF /* MTUniversitiesViewController.m in Sources */,
				1BC59FE11CFC6A8F00FC5D63 /* MTCoreDataViewController.m in Sources */,
				1B0FB80F1D018DD2000F3DEF /* MTStudentsViewController.m in Sources */,
				1B1085241D04553000EC6E2A /* MTCourseInfoViewController.m in Sources */,
				1B0FB82C1D0190C1000F3DEF /* MTParentObject.m in Sources */,
				1B0FB82B1D0190C1000F3DEF /* MTParentObject+CoreDataProperties.m in Sources */,
				1B0FB8121D018DF4000F3DEF /* MTCoursesViewController.m in Sources */,
				1B0FB8371D019462000F3DEF /* MTUniversity+CoreDataProperties.m in Sources */,
				1B0FB8341D0190C1000F3DEF /* MTStudent.m in Sources */,
				1B1085101D04277200EC6E2A /* MTChoseCoursesViewController.m in Sources */,
				1B0FB8411D01D5FD000F3DEF /* MTAddStudentViewController.m in Sources */,
			);
			runOnlyForDeploymentPostprocessing = 0;
		};
/* End PBXSourcesBuildPhase section */

/* Begin PBXVariantGroup section */
		1BC59F7A1CFAE04000FC5D63 /* LaunchScreen.storyboard */ = {
			isa = PBXVariantGroup;
			children = (
				1BC59F7B1CFAE04000FC5D63 /* Base */,
			);
			name = LaunchScreen.storyboard;
			sourceTree = "<group>";
		};
		1BC59F7C1CFAE04000FC5D63 /* Main.storyboard */ = {
			isa = PBXVariantGroup;
			children = (
				1BC59F7D1CFAE04000FC5D63 /* Base */,
			);
			name = Main.storyboard;
			sourceTree = "<group>";
		};
/* End PBXVariantGroup section */

/* Begin XCBuildConfiguration section */
		1BC59F731CFADFC300FC5D63 /* Debug */ = {
			isa = XCBuildConfiguration;
			buildSettings = {
				ALWAYS_SEARCH_USER_PATHS = NO;
				CLANG_ANALYZER_NONNULL = YES;
				CLANG_CXX_LANGUAGE_STANDARD = "gnu++0x";
				CLANG_CXX_LIBRARY = "libc++";
				CLANG_ENABLE_MODULES = YES;
				CLANG_ENABLE_OBJC_ARC = YES;
				CLANG_WARN_BOOL_CONVERSION = YES;
				CLANG_WARN_CONSTANT_CONVERSION = YES;
				CLANG_WARN_DIRECT_OBJC_ISA_USAGE = YES_ERROR;
				CLANG_WARN_EMPTY_BODY = YES;
				CLANG_WARN_ENUM_CONVERSION = YES;
				CLANG_WARN_INT_CONVERSION = YES;
				CLANG_WARN_OBJC_ROOT_CLASS = YES_ERROR;
				CLANG_WARN_UNREACHABLE_CODE = YES;
				CLANG_WARN__DUPLICATE_METHOD_MATCH = YES;
				"CODE_SIGN_IDENTITY[sdk=iphoneos*]" = "iPhone Developer";
				COPY_PHASE_STRIP = NO;
				DEBUG_INFORMATION_FORMAT = dwarf;
				ENABLE_STRICT_OBJC_MSGSEND = YES;
				ENABLE_TESTABILITY = YES;
				GCC_C_LANGUAGE_STANDARD = gnu99;
				GCC_DYNAMIC_NO_PIC = NO;
				GCC_NO_COMMON_BLOCKS = YES;
				GCC_OPTIMIZATION_LEVEL = 0;
				GCC_PREPROCESSOR_DEFINITIONS = (
					"DEBUG=1",
					"$(inherited)",
				);
				GCC_WARN_64_TO_32_BIT_CONVERSION = YES;
				GCC_WARN_ABOUT_RETURN_TYPE = YES_ERROR;
				GCC_WARN_UNDECLARED_SELECTOR = YES;
				GCC_WARN_UNINITIALIZED_AUTOS = YES_AGGRESSIVE;
				GCC_WARN_UNUSED_FUNCTION = YES;
				GCC_WARN_UNUSED_VARIABLE = YES;
				IPHONEOS_DEPLOYMENT_TARGET = 9.3;
				MTL_ENABLE_DEBUG_INFO = YES;
				ONLY_ACTIVE_ARCH = YES;
				SDKROOT = iphoneos;
				TARGETED_DEVICE_FAMILY = "1,2";
			};
			name = Debug;
		};
		1BC59F741CFADFC300FC5D63 /* Release */ = {
			isa = XCBuildConfiguration;
			buildSettings = {
				ALWAYS_SEARCH_USER_PATHS = NO;
				CLANG_ANALYZER_NONNULL = YES;
				CLANG_CXX_LANGUAGE_STANDARD = "gnu++0x";
				CLANG_CXX_LIBRARY = "libc++";
				CLANG_ENABLE_MODULES = YES;
				CLANG_ENABLE_OBJC_ARC = YES;
				CLANG_WARN_BOOL_CONVERSION = YES;
				CLANG_WARN_CONSTANT_CONVERSION = YES;
				CLANG_WARN_DIRECT_OBJC_ISA_USAGE = YES_ERROR;
				CLANG_WARN_EMPTY_BODY = YES;
				CLANG_WARN_ENUM_CONVERSION = YES;
				CLANG_WARN_INT_CONVERSION = YES;
				CLANG_WARN_OBJC_ROOT_CLASS = YES_ERROR;
				CLANG_WARN_UNREACHABLE_CODE = YES;
				CLANG_WARN__DUPLICATE_METHOD_MATCH = YES;
				"CODE_SIGN_IDENTITY[sdk=iphoneos*]" = "iPhone Developer";
				COPY_PHASE_STRIP = NO;
				DEBUG_INFORMATION_FORMAT = "dwarf-with-dsym";
				ENABLE_NS_ASSERTIONS = NO;
				ENABLE_STRICT_OBJC_MSGSEND = YES;
				GCC_C_LANGUAGE_STANDARD = gnu99;
				GCC_NO_COMMON_BLOCKS = YES;
				GCC_WARN_64_TO_32_BIT_CONVERSION = YES;
				GCC_WARN_ABOUT_RETURN_TYPE = YES_ERROR;
				GCC_WARN_UNDECLARED_SELECTOR = YES;
				GCC_WARN_UNINITIALIZED_AUTOS = YES_AGGRESSIVE;
				GCC_WARN_UNUSED_FUNCTION = YES;
				GCC_WARN_UNUSED_VARIABLE = YES;
				IPHONEOS_DEPLOYMENT_TARGET = 9.3;
				MTL_ENABLE_DEBUG_INFO = NO;
				SDKROOT = iphoneos;
				TARGETED_DEVICE_FAMILY = "1,2";
				VALIDATE_PRODUCT = YES;
			};
			name = Release;
		};
		1BC59F761CFADFC300FC5D63 /* Debug */ = {
			isa = XCBuildConfiguration;
			buildSettings = {
				ASSETCATALOG_COMPILER_APPICON_NAME = AppIcon;
				INFOPLIST_FILE = GuruCrafter/Info.plist;
				LD_RUNPATH_SEARCH_PATHS = "$(inherited) @executable_path/Frameworks";
				PRODUCT_BUNDLE_IDENTIFIER = MT.GuruCrafter;
				PRODUCT_NAME = "$(TARGET_NAME)";
			};
			name = Debug;
		};
		1BC59F771CFADFC300FC5D63 /* Release */ = {
			isa = XCBuildConfiguration;
			buildSettings = {
				ASSETCATALOG_COMPILER_APPICON_NAME = AppIcon;
				INFOPLIST_FILE = GuruCrafter/Info.plist;
				LD_RUNPATH_SEARCH_PATHS = "$(inherited) @executable_path/Frameworks";
				PRODUCT_BUNDLE_IDENTIFIER = MT.GuruCrafter;
				PRODUCT_NAME = "$(TARGET_NAME)";
			};
			name = Release;
		};
/* End XCBuildConfiguration section */

/* Begin XCConfigurationList section */
		1BC59F561CFADFC300FC5D63 /* Build configuration list for PBXProject "GuruCrafter" */ = {
			isa = XCConfigurationList;
			buildConfigurations = (
				1BC59F731CFADFC300FC5D63 /* Debug */,
				1BC59F741CFADFC300FC5D63 /* Release */,
			);
			defaultConfigurationIsVisible = 0;
			defaultConfigurationName = Release;
		};
		1BC59F751CFADFC300FC5D63 /* Build configuration list for PBXNativeTarget "GuruCrafter" */ = {
			isa = XCConfigurationList;
			buildConfigurations = (
				1BC59F761CFADFC300FC5D63 /* Debug */,
				1BC59F771CFADFC300FC5D63 /* Release */,
			);
			defaultConfigurationIsVisible = 0;
			defaultConfigurationName = Release;
		};
/* End XCConfigurationList section */

/* Begin XCVersionGroup section */
		1BC59F6A1CFADFC300FC5D63 /* GuruCrafter.xcdatamodeld */ = {
			isa = XCVersionGroup;
			children = (
				1BC59F6B1CFADFC300FC5D63 /* GuruCrafter.xcdatamodel */,
			);
			currentVersion = 1BC59F6B1CFADFC300FC5D63 /* GuruCrafter.xcdatamodel */;
			path = GuruCrafter.xcdatamodeld;
			sourceTree = "<group>";
			versionGroupType = wrapper.xcdatamodel;
		};
/* End XCVersionGroup section */
	};
	rootObject = 1BC59F531CFADFC300FC5D63 /* Project object */;
}
